
Microsoft Visual Studio Solution File, Format Version 12.00
# Visual Studio 15
VisualStudioVersion = 15.0.26430.13
MinimumVisualStudioVersion = 10.0.40219.1
Project("{FAE04EC0-301F-11D3-BF4B-00C04F79EFBC}") = "DeskBandSample", "DeskBandSample\DeskBandSample.csproj", "{FA609C38-57C1-4E79-BE69-9A3CD5DEFB87}"
EndProject
Project("{2150E333-8FDC-42A3-9474-1A3956D46DE8}") = "Solution Items", "Solution Items", "{3C1DF9A3-3CAF-429D-9EC4-00B3B033BB1D}"
	ProjectSection(SolutionItems) = preProject
		.gitattributes = .gitattributes
		.gitignore = .gitignore
	EndProjectSection
EndProject
Global
	GlobalSection(SolutionConfigurationPlatforms) = preSolution
		Debug|Any CPU = Debug|Any CPU
		Release|Any CPU = Release|Any CPU
	EndGlobalSection
	GlobalSection(ProjectConfigurationPlatforms) = postSolution
		{FA609C38-57C1-4E79-BE69-9A3CD5DEFB87}.Debug|Any CPU.ActiveCfg = Debug|Any CPU
		{FA609C38-57C1-4E79-BE69-9A3CD5DEFB87}.Debug|Any CPU.Build.0 = Debug|Any CPU
		{FA609C38-57C1-4E79-BE69-9A3CD5DEFB87}.Release|Any CPU.ActiveCfg = Release|Any CPU
		{FA609C38-57C1-4E79-BE69-9A3CD5DEFB87}.Release|Any CPU.Build.0 = Release|Any CPU
	EndGlobalSection
	GlobalSection(SolutionProperties) = preSolution
		HideSolutionNode = FALSE
	EndGlobalSection
EndGlobal
